
Microsoft Visual Studio Solution File, Format Version 12.00
# Visual Studio Version 17
VisualStudioVersion = 17.1.32414.318
MinimumVisualStudioVersion = 10.0.40219.1
Project("{2150E333-8FDC-42A3-9474-1A3956D46DE8}") = "Solution Items", "Solution Items", "{D906A3F7-3E29-44F6-AE65-F3AE6A2365A5}"
	ProjectSection(SolutionItems) = preProject
		..\Dockerfile.testing = ..\Dockerfile.testing
	EndProjectSection
EndProject
Project("{9A19103F-16F7-4668-BE54-9A1E7A4F7556}") = "WeBrick.Test.UI", "WeBrick.Test.UI\WeBrick.Test.UI.csproj", "{B010EF76-89BA-4469-B657-7980BDB3A24B}"
EndProject
Project("{FAE04EC0-301F-11D3-BF4B-00C04F79EFBC}") = "Webrick.Test.CommandLine", "Webrick.Test.CommandLine\Webrick.Test.CommandLine.csproj", "{99F2F636-DD8C-4A64-AB87-7025A6BC60D1}"
EndProject
Global
	GlobalSection(SolutionConfigurationPlatforms) = preSolution
		Debug|Any CPU = Debug|Any CPU
		Release|Any CPU = Release|Any CPU
	EndGlobalSection
	GlobalSection(ProjectConfigurationPlatforms) = postSolution
		{B010EF76-89BA-4469-B657-7980BDB3A24B}.Debug|Any CPU.ActiveCfg = Debug|Any CPU
		{B010EF76-89BA-4469-B657-7980BDB3A24B}.Debug|Any CPU.Build.0 = Debug|Any CPU
		{B010EF76-89BA-4469-B657-7980BDB3A24B}.Release|Any CPU.ActiveCfg = Release|Any CPU
		{B010EF76-89BA-4469-B657-7980BDB3A24B}.Release|Any CPU.Build.0 = Release|Any CPU
		{99F2F636-DD8C-4A64-AB87-7025A6BC60D1}.Debug|Any CPU.ActiveCfg = Debug|Any CPU
		{99F2F636-DD8C-4A64-AB87-7025A6BC60D1}.Debug|Any CPU.Build.0 = Debug|Any CPU
		{99F2F636-DD8C-4A64-AB87-7025A6BC60D1}.Release|Any CPU.ActiveCfg = Release|Any CPU
		{99F2F636-DD8C-4A64-AB87-7025A6BC60D1}.Release|Any CPU.Build.0 = Release|Any CPU
	EndGlobalSection
	GlobalSection(SolutionProperties) = preSolution
		HideSolutionNode = FALSE
	EndGlobalSection
	GlobalSection(ExtensibilityGlobals) = postSolution
		SolutionGuid = {1646E8FA-5F7C-465E-B3EC-E861E84C835B}
	EndGlobalSection
EndGlobal
